
Microsoft Visual Studio Solution File, Format Version 12.00
# Visual Studio Version 17
VisualStudioVersion = 17.2.32526.322
MinimumVisualStudioVersion = 10.0.40219.1
Project("{FAE04EC0-301F-11D3-BF4B-00C04F79EFBC}") = "cloud007", "cloud007.csproj", "{F79C49DB-7B2B-492A-9F35-2D06E528A835}"
EndProject
Global
	GlobalSection(SolutionConfigurationPlatforms) = preSolution
		Debug|Any CPU = Debug|Any CPU
		Release|Any CPU = Release|Any CPU
	EndGlobalSection
	GlobalSection(ProjectConfigurationPlatforms) = postSolution
		{F79C49DB-7B2B-492A-9F35-2D06E528A835}.Debug|Any CPU.ActiveCfg = Debug|Any CPU
		{F79C49DB-7B2B-492A-9F35-2D06E528A835}.Debug|Any CPU.Build.0 = Debug|Any CPU
		{F79C49DB-7B2B-492A-9F35-2D06E528A835}.Release|Any CPU.ActiveCfg = Release|Any CPU
		{F79C49DB-7B2B-492A-9F35-2D06E528A835}.Release|Any CPU.Build.0 = Release|Any CPU
	EndGlobalSection
	GlobalSection(SolutionProperties) = preSolution
		HideSolutionNode = FALSE
	EndGlobalSection
	GlobalSection(ExtensibilityGlobals) = postSolution
		SolutionGuid = {DBDB8FA7-E544-43BC-88C8-A97CBAF7B1B5}
	EndGlobalSection
EndGlobal
